
Microsoft Visual Studio Solution File, Format Version 12.00
# Visual Studio Version 17
VisualStudioVersion = 17.0.32112.339
MinimumVisualStudioVersion = 10.0.40219.1
Project("{FAE04EC0-301F-11D3-BF4B-00C04F79EFBC}") = "backend_nezavisimi", "backend_nezavisimi\backend_nezavisimi.csproj", "{5F182079-0CDB-40A1-97F8-EBB936FC48C4}"
EndProject
Global
	GlobalSection(SolutionConfigurationPlatforms) = preSolution
		Debug|Any CPU = Debug|Any CPU
		Release|Any CPU = Release|Any CPU
	EndGlobalSection
	GlobalSection(ProjectConfigurationPlatforms) = postSolution
		{5F182079-0CDB-40A1-97F8-EBB936FC48C4}.Debug|Any CPU.ActiveCfg = Debug|Any CPU
		{5F182079-0CDB-40A1-97F8-EBB936FC48C4}.Debug|Any CPU.Build.0 = Debug|Any CPU
		{5F182079-0CDB-40A1-97F8-EBB936FC48C4}.Release|Any CPU.ActiveCfg = Release|Any CPU
		{5F182079-0CDB-40A1-97F8-EBB936FC48C4}.Release|Any CPU.Build.0 = Release|Any CPU
	EndGlobalSection
	GlobalSection(SolutionProperties) = preSolution
		HideSolutionNode = FALSE
	EndGlobalSection
	GlobalSection(ExtensibilityGlobals) = postSolution
		SolutionGuid = {E7FAAE2F-6005-4874-AA8B-1353B9C1D73D}
	EndGlobalSection
EndGlobal
